
Microsoft Visual Studio Solution File, Format Version 12.00
# Visual Studio 2013
VisualStudioVersion = 12.0.21005.1
MinimumVisualStudioVersion = 10.0.40219.1
Project("{FAE04EC0-301F-11D3-BF4B-00C04F79EFBC}") = "AreaTringle", "AreaTringle\AreaTringle.csproj", "{E29A5B16-B73E-448A-B1C6-69FFF9B478BB}"
EndProject
Project("{FAE04EC0-301F-11D3-BF4B-00C04F79EFBC}") = "tringleTest", "tringleTest\tringleTest.csproj", "{0D506B04-B099-4D08-BAD3-3B002FADEF55}"
EndProject
Project("{FAE04EC0-301F-11D3-BF4B-00C04F79EFBC}") = "areaLib", "areaLib\areaLib.csproj", "{C7B73E41-BCD1-4E87-8170-02EAA2A04CF6}"
EndProject
Global
	GlobalSection(SolutionConfigurationPlatforms) = preSolution
		Debug|Any CPU = Debug|Any CPU
		Release|Any CPU = Release|Any CPU
	EndGlobalSection
	GlobalSection(ProjectConfigurationPlatforms) = postSolution
		{E29A5B16-B73E-448A-B1C6-69FFF9B478BB}.Debug|Any CPU.ActiveCfg = Debug|Any CPU
		{E29A5B16-B73E-448A-B1C6-69FFF9B478BB}.Debug|Any CPU.Build.0 = Debug|Any CPU
		{E29A5B16-B73E-448A-B1C6-69FFF9B478BB}.Release|Any CPU.ActiveCfg = Release|Any CPU
		{E29A5B16-B73E-448A-B1C6-69FFF9B478BB}.Release|Any CPU.Build.0 = Release|Any CPU
		{0D506B04-B099-4D08-BAD3-3B002FADEF55}.Debug|Any CPU.ActiveCfg = Debug|Any CPU
		{0D506B04-B099-4D08-BAD3-3B002FADEF55}.Debug|Any CPU.Build.0 = Debug|Any CPU
		{0D506B04-B099-4D08-BAD3-3B002FADEF55}.Release|Any CPU.ActiveCfg = Release|Any CPU
		{0D506B04-B099-4D08-BAD3-3B002FADEF55}.Release|Any CPU.Build.0 = Release|Any CPU
		{C7B73E41-BCD1-4E87-8170-02EAA2A04CF6}.Debug|Any CPU.ActiveCfg = Debug|Any CPU
		{C7B73E41-BCD1-4E87-8170-02EAA2A04CF6}.Debug|Any CPU.Build.0 = Debug|Any CPU
		{C7B73E41-BCD1-4E87-8170-02EAA2A04CF6}.Release|Any CPU.ActiveCfg = Release|Any CPU
		{C7B73E41-BCD1-4E87-8170-02EAA2A04CF6}.Release|Any CPU.Build.0 = Release|Any CPU
	EndGlobalSection
	GlobalSection(SolutionProperties) = preSolution
		HideSolutionNode = FALSE
	EndGlobalSection
EndGlobal
